schema: '2.0'
stages:
  build_fine_tuning_dataset:
    cmd: PYTHONPATH=. python scripts/sft/build_fine_tuning_dataset.py --dataset-dir
      data/datasets/pl/raw --repo-id JuDDGES/pl-court-instruct
    deps:
    - path: data/datasets/pl/raw
      hash: md5
      md5: e4d8b9641d584da872e4dfd1c2e01435.dir
      size: 10205377337
      nfiles: 17
    - path: scripts/sft/build_fine_tuning_dataset.py
      hash: md5
      md5: 069034c9a93503769fc9e00c45604cbd
      size: 3880
  evaluate_zero_shot:
    cmd: PYTHONPATH=. python scripts/sft/evaluate_zero_shot.py --output-file data/results/pl/zero_shot/results_llama_3_8B.json
      --metrics-file data/results/pl/zero_shot/metrics_llama_3_8B.json
    deps:
    - path: scripts/sft/evaluate_zero_shot.py
      hash: md5
      md5: 1b5fd40e348f17bd2fe78e98244c4d6c
      size: 3826
    outs:
    - path: data/results/pl/zero_shot/metrics_llama_3_8B.json
      hash: md5
      md5: 95ac287e74bc109f224b95b12e5b17f4
      size: 170
    - path: data/results/pl/zero_shot/results_llama_3_8B.json
      hash: md5
      md5: 93f78708a597fad33b3da43e505b9707
      size: 957343
  evaluate_zero_shot@config0:
    cmd: PYTHONPATH=. python scripts/sft/evaluate_zero_shot.py --llm meta-llama/Meta-Llama-3-8B-Instruct
      --output-file data/results/pl_court_instruct/zero_shot/results_meta_llama_3_8B_instruct.json
      --metrics-file data/results/pl_court_instruct/zero_shot/metrics_meta_llama_3_8B_instruct.json
    deps:
    - path: scripts/sft/evaluate_zero_shot.py
      hash: md5
      md5: 26555545a062ce43602a8ac11280bbde
      size: 2714
    outs:
    - path: data/results/pl_court_instruct/zero_shot/metrics_meta_llama_3_8B_instruct.json
      hash: md5
      md5: fb665645d904d37e14a931e38fef9915
      size: 188
    - path: data/results/pl_court_instruct/zero_shot/results_meta_llama_3_8B_instruct.json
      hash: md5
      md5: 93f78708a597fad33b3da43e505b9707
      size: 957343
  fine_tune_sft@Mistral-7B-Instruct-v0.2:
    cmd: PYTHONPATH=. python scripts/sft/fine_tune_llm.py model=Mistral-7B-Instruct-v0.2
    deps:
    - path: scripts/sft/fine_tune_llm.py
      hash: md5
      md5: dd9baba0d88e09f47e70f38a2e6716cd
      size: 6499
    outs:
    - path: data/experiments/fine-tune/Mistral-7B-Instruct-v0.2/pl-court-instruct
      hash: md5
      md5: 2078cca8b3c2fa97914dc8f1c18f48fc.dir
      size: 1556588028
      nfiles: 176
  predict@Mistral-7B-Instruct-v0.2:
    cmd: PYTHONPATH=. python scripts/sft/predict.py model=Mistral-7B-Instruct-v0.2
    deps:
    - path: scripts/sft/predict.py
      hash: md5
      md5: 0dba731994921054729486b00482df1c
      size: 2892
    outs:
    - path: data/experiments/predict/pl-court-instruct/Mistral-7B-Instruct-v0.2
      hash: md5
      md5: fe3948e50861842a76853729e54db4e9
      size: 3760776
  predict@Meta-Llama-3-8B-Instruct:
    cmd: PYTHONPATH=. python scripts/sft/predict.py model=Meta-Llama-3-8B-Instruct
    deps:
    - path: scripts/sft/predict.py
      hash: md5
      md5: 0dba731994921054729486b00482df1c
      size: 2892
    outs:
    - path: data/experiments/predict/pl-court-instruct/Meta-Llama-3-8B-Instruct
      hash: md5
      md5: d4c0096bab519cab427334eb08aea2bc
      size: 924443
